// !$*UTF8*$!
{
	archiveVersion = 1;
	classes = {
	};
	objectVersion = 56;
	objects = {
		6A0E5B3C8D9F4123B4C5D6E7 = {isa = PBXBuildFile; fileRef = 5F9D4A2B7C8E4012A3B4C5D6;};
		11F6231CA96CA4DA2923E391 = {isa = PBXBuildFile; fileRef = 3E3276BA5688F64F32CF81A1;};
		18CCF103CC9D95015806A20C = {isa = PBXBuildFile; fileRef = A8DD60DE113B873D8A231AA6;};
		28340C678F942A4FD391B82C = {isa = PBXBuildFile; fileRef = 24AA91D21C203FF7F262FA01;};
		2A8D7B6C5E4F30192817A6B5 = {isa = PBXBuildFile; fileRef = 9F7E6D5C4B3A29180716E5D4;};
		3B9E8C7D6F5A40213928B7C6 = {isa = PBXBuildFile; fileRef = 8E6D5C4B3A29180716F5E4D3;};
		8A2327D62A8D34DA958D711B = {isa = PBXBuildFile; fileRef = 3151A614C875C26C7267D0CC;};
		9C7D6E5F4A30192817B6C5D4 = {isa = PBXBuildFile; fileRef = 7D5C4B3A29180716E5D4C3B2;};
		A991BE71622BA705FFD4BB76 = {isa = PBXBuildFile; fileRef = AEA32F3398972EF1522E31E0;};
		B6A1A7FEEC84A2BACB87D0AF = {isa = PBXBuildFile; fileRef = 213C5163424AC9FE73B78023; settings = {ATTRIBUTES = (RemoveHeadersOnCopy, ); };};
		E7D655826095108C3204F21B = {isa = PBXBuildFile; fileRef = F0CAD71068910A09CEAA88F7;};
		3D296AB4ABFB8393064A66FE = {isa = PBXContainerItemProxy; containerPortal = 16EEAF57BAFC2A41CAB7C99A; proxyType = 1; remoteGlobalIDString = CAD0AB91402D35CC079C593B; remoteInfo = FolderPeekPreview;};
		CBB2253EB79A557AEE7E9F7E = {isa = PBXCopyFilesBuildPhase; buildActionMask = 2147483647; dstPath = ""; dstSubfolderSpec = 13; files = (B6A1A7FEEC84A2BACB87D0AF, ); name = "Embed App Extensions"; runOnlyForDeploymentPostprocessing = 0;};
		213C5163424AC9FE73B78023 = {isa = PBXFileReference; explicitFileType = wrapper.app-extension; includeInIndex = 0; path = FolderPeekPreview.appex; sourceTree = BUILT_PRODUCTS_DIR;};
		233E1B2030AFB805D93F1C07 = {isa = PBXFileReference; lastKnownFileType = text.plist.entitlements; name = FolderPeekPreview.entitlements; path = FolderPeek/QuickLookExtension/FolderPeekPreview.entitlements; sourceTree = SOURCE_ROOT;};
		24AA91D21C203FF7F262FA01 = {isa = PBXFileReference; lastKnownFileType = sourcecode.swift; name = ThumbnailPipeline.swift; path = FolderPeek/Shared/ThumbnailPipeline.swift; sourceTree = SOURCE_ROOT;};
		2925FA53329BD3DA9CC35BAC = {isa = PBXFileReference; lastKnownFileType = text.plist.xml; name = Info.plist; path = FolderPeek/QuickLookExtension/Info.plist; sourceTree = SOURCE_ROOT;};
		3151A614C875C26C7267D0CC = {isa = PBXFileReference; lastKnownFileType = sourcecode.swift; name = FolderPeekApp.swift; path = FolderPeek/Host/FolderPeekApp.swift; sourceTree = SOURCE_ROOT;};
		3E3276BA5688F64F32CF81A1 = {isa = PBXFileReference; lastKnownFileType = wrapper.framework; name = QuickLookThumbnailing.framework; path = System/Library/Frameworks/QuickLookThumbnailing.framework; sourceTree = SDKROOT;};
		7D5C4B3A29180716E5D4C3B2 = {isa = PBXFileReference; lastKnownFileType = sourcecode.swift; name = MenuBarController.swift; path = FolderPeek/Host/MenuBarController.swift; sourceTree = SOURCE_ROOT;};
		8E6D5C4B3A29180716F5E4D3 = {isa = PBXFileReference; lastKnownFileType = sourcecode.swift; name = PreviewHTMLRenderer.swift; path = FolderPeek/Shared/PreviewHTMLRenderer.swift; sourceTree = SOURCE_ROOT;};
		9F7E6D5C4B3A29180716E5D4 = {isa = PBXFileReference; lastKnownFileType = sourcecode.swift; name = ArchiveCore.swift; path = FolderPeek/Shared/ArchiveCore.swift; sourceTree = SOURCE_ROOT;};
		A8DD60DE113B873D8A231AA6 = {isa = PBXFileReference; lastKnownFileType = wrapper.framework; name = Quartz.framework; path = System/Library/Frameworks/Quartz.framework; sourceTree = SDKROOT;};
		AADBC1D5C761DAD2A3463F9E = {isa = PBXFileReference; lastKnownFileType = text.plist.entitlements; name = FolderPeek.entitlements; path = FolderPeek/Host/FolderPeek.entitlements; sourceTree = SOURCE_ROOT;};
		AEA32F3398972EF1522E31E0 = {isa = PBXFileReference; lastKnownFileType = sourcecode.swift; name = ContentView.swift; path = FolderPeek/Host/ContentView.swift; sourceTree = SOURCE_ROOT;};
		B2ECE347E011810E940F3A77 = {isa = PBXFileReference; lastKnownFileType = text.plist.xml; name = Info.plist; path = FolderPeek/Host/Info.plist; sourceTree = SOURCE_ROOT;};
		5F9D4A2B7C8E4012A3B4C5D6 = {isa = PBXFileReference; lastKnownFileType = sourcecode.swift; name = PreviewProvider.swift; path = FolderPeek/QuickLookExtension/PreviewProvider.swift; sourceTree = SOURCE_ROOT;};
		F0CAD71068910A09CEAA88F7 = {isa = PBXFileReference; lastKnownFileType = sourcecode.swift; name = PreviewCore.swift; path = FolderPeek/Shared/PreviewCore.swift; sourceTree = SOURCE_ROOT;};
		F52CEDB4D1E522793C2225FC = {isa = PBXFileReference; explicitFileType = wrapper.application; includeInIndex = 0; path = FolderPeek.app; sourceTree = BUILT_PRODUCTS_DIR;};
		971CAD5CC564909FDFAD1DC7 = {isa = PBXFrameworksBuildPhase; buildActionMask = 2147483647; files = (); runOnlyForDeploymentPostprocessing = 0;};
		A770588EBB5869D504BE6027 = {isa = PBXFrameworksBuildPhase; buildActionMask = 2147483647; files = (18CCF103CC9D95015806A20C, 11F6231CA96CA4DA2923E391, ); runOnlyForDeploymentPostprocessing = 0;};
		004036F861A043F4DFC8035E = {isa = PBXGroup; name = Frameworks; children = (A8DD60DE113B873D8A231AA6, 3E3276BA5688F64F32CF81A1, ); sourceTree = "<group>";};
		3C9D7F1ECE6B1C2C05B9A223 = {isa = PBXGroup; children = (EBC5FC9357F03ECAEAA7EE0D, 5B7A85A1E3178A6C3ECC196C, 840289145CA375449DFB23F4, 004036F861A043F4DFC8035E, 5ADE8A4128725EB9150C196B, ); sourceTree = "<group>";};
		5ADE8A4128725EB9150C196B = {isa = PBXGroup; name = Products; children = (F52CEDB4D1E522793C2225FC, 213C5163424AC9FE73B78023, ); sourceTree = "<group>";};
		5B7A85A1E3178A6C3ECC196C = {isa = PBXGroup; name = QuickLookExtension; children = (5F9D4A2B7C8E4012A3B4C5D6, 2925FA53329BD3DA9CC35BAC, 233E1B2030AFB805D93F1C07, ); sourceTree = "<group>";};
		840289145CA375449DFB23F4 = {isa = PBXGroup; name = Shared; children = (9F7E6D5C4B3A29180716E5D4, F0CAD71068910A09CEAA88F7, 8E6D5C4B3A29180716F5E4D3, 24AA91D21C203FF7F262FA01, ); sourceTree = "<group>";};
		EBC5FC9357F03ECAEAA7EE0D = {isa = PBXGroup; name = Host; children = (3151A614C875C26C7267D0CC, AEA32F3398972EF1522E31E0, 7D5C4B3A29180716E5D4C3B2, B2ECE347E011810E940F3A77, AADBC1D5C761DAD2A3463F9E, ); sourceTree = "<group>";};
		617459D2430E7131F2606982 = {isa = PBXNativeTarget; buildConfigurationList = 7D09AEC885A0F48D45881F6B; buildPhases = (00906D74D0EA2A07A90236D8, 971CAD5CC564909FDFAD1DC7, 9D09513952D8B1DA044602A6, CBB2253EB79A557AEE7E9F7E, ); buildRules = (); dependencies = (67C6C796495498F545C1CD1C, ); name = FolderPeek; productName = FolderPeek; productReference = F52CEDB4D1E522793C2225FC; productType = "com.apple.product-type.application";};
		CAD0AB91402D35CC079C593B = {isa = PBXNativeTarget; buildConfigurationList = 57F042411595027CBF638334; buildPhases = (00E7DF66C5EB6F6726A84BB1, A770588EBB5869D504BE6027, D5FC6D8D64D8C8BF9B720591, ); buildRules = (); dependencies = (); name = FolderPeekPreview; productName = FolderPeekPreview; productReference = 213C5163424AC9FE73B78023; productType = "com.apple.product-type.app-extension";};
		16EEAF57BAFC2A41CAB7C99A = {isa = PBXProject; attributes = {
    BuildIndependentTargetsInParallel = 1;
    LastSwiftUpdateCheck = 2630;
    LastUpgradeCheck = 2630;
    TargetAttributes = {
        617459D2430E7131F2606982 = {CreatedOnToolsVersion = 26.3;};
        CAD0AB91402D35CC079C593B = {CreatedOnToolsVersion = 26.3;};
    };
}; buildConfigurationList = 4098280B01B3EBC6C4399C36; compatibilityVersion = "Xcode 14.0"; developmentRegion = en; hasScannedForEncodings = 0; knownRegions = (en, Base, ); mainGroup = 3C9D7F1ECE6B1C2C05B9A223; productRefGroup = 5ADE8A4128725EB9150C196B; projectDirPath = ""; projectRoot = ""; targets = (617459D2430E7131F2606982, CAD0AB91402D35CC079C593B, );};
		9D09513952D8B1DA044602A6 = {isa = PBXResourcesBuildPhase; buildActionMask = 2147483647; files = (); runOnlyForDeploymentPostprocessing = 0;};
		D5FC6D8D64D8C8BF9B720591 = {isa = PBXResourcesBuildPhase; buildActionMask = 2147483647; files = (); runOnlyForDeploymentPostprocessing = 0;};
		00906D74D0EA2A07A90236D8 = {isa = PBXSourcesBuildPhase; buildActionMask = 2147483647; files = (8A2327D62A8D34DA958D711B, A991BE71622BA705FFD4BB76, 9C7D6E5F4A30192817B6C5D4, ); runOnlyForDeploymentPostprocessing = 0;};
		00E7DF66C5EB6F6726A84BB1 = {isa = PBXSourcesBuildPhase; buildActionMask = 2147483647; files = (6A0E5B3C8D9F4123B4C5D6E7, 2A8D7B6C5E4F30192817A6B5, E7D655826095108C3204F21B, 3B9E8C7D6F5A40213928B7C6, 28340C678F942A4FD391B82C, ); runOnlyForDeploymentPostprocessing = 0;};
		67C6C796495498F545C1CD1C = {isa = PBXTargetDependency; target = CAD0AB91402D35CC079C593B; targetProxy = 3D296AB4ABFB8393064A66FE;};
		3BC2E851A72D48FA3EBD2BD9 = {isa = XCBuildConfiguration; buildSettings = {

ASSETCATALOG_COMPILER_APPICON_NAME = "";
CODE_SIGN_ENTITLEMENTS = FolderPeek/QuickLookExtension/FolderPeekPreview.entitlements;
CODE_SIGN_IDENTITY = "-";
CODE_SIGN_STYLE = Manual;
COMBINE_HIDPI_IMAGES = YES;
DEVELOPMENT_TEAM = "";
ENABLE_HARDENED_RUNTIME = YES;
GENERATE_INFOPLIST_FILE = NO;
INFOPLIST_FILE = FolderPeek/QuickLookExtension/Info.plist;
LD_RUNPATH_SEARCH_PATHS = ("$(inherited)", "@executable_path/../Frameworks", "@loader_path/../Frameworks");
PRODUCT_BUNDLE_IDENTIFIER = com.folderpeek.app.preview;
PRODUCT_NAME = "$(TARGET_NAME)";
PROVISIONING_PROFILE_SPECIFIER = "";
SWIFT_EMIT_LOC_STRINGS = YES;
WRAPPER_EXTENSION = appex;
APPLICATION_EXTENSION_API_ONLY = YES;
}; name = Release;};
		44F8FE9E42EE10FA95BF5EC7 = {isa = XCBuildConfiguration; buildSettings = {
ALWAYS_SEARCH_USER_PATHS = NO;
CLANG_ANALYZER_NONNULL = YES;
CLANG_ANALYZER_NUMBER_OBJECT_CONVERSION = YES_AGGRESSIVE;
CLANG_CXX_LANGUAGE_STANDARD = "gnu++20";
CLANG_ENABLE_MODULES = YES;
CLANG_ENABLE_OBJC_ARC = YES;
CLANG_ENABLE_OBJC_WEAK = YES;
CLANG_WARN_BLOCK_CAPTURE_AUTORELEASING = YES;
CLANG_WARN_BOOL_CONVERSION = YES;
CLANG_WARN_COMMA = YES;
CLANG_WARN_CONSTANT_CONVERSION = YES;
CLANG_WARN_DEPRECATED_OBJC_IMPLEMENTATIONS = YES;
CLANG_WARN_DIRECT_OBJC_ISA_USAGE = YES_ERROR;
CLANG_WARN_DOCUMENTATION_COMMENTS = YES;
CLANG_WARN_EMPTY_BODY = YES;
CLANG_WARN_ENUM_CONVERSION = YES;
CLANG_WARN_INFINITE_RECURSION = YES;
CLANG_WARN_INT_CONVERSION = YES;
CLANG_WARN_NON_LITERAL_NULL_CONVERSION = YES;
CLANG_WARN_OBJC_IMPLICIT_RETAIN_SELF = YES;
CLANG_WARN_OBJC_LITERAL_CONVERSION = YES;
CLANG_WARN_OBJC_ROOT_CLASS = YES_ERROR;
CLANG_WARN_QUOTED_INCLUDE_IN_FRAMEWORK_HEADER = YES;
CLANG_WARN_RANGE_LOOP_ANALYSIS = YES;
CLANG_WARN_STRICT_PROTOTYPES = YES;
CLANG_WARN_SUSPICIOUS_MOVE = YES;
CLANG_WARN_UNGUARDED_AVAILABILITY = YES_AGGRESSIVE;
CLANG_WARN_UNREACHABLE_CODE = YES;
CLANG_WARN__DUPLICATE_METHOD_MATCH = YES;
COPY_PHASE_STRIP = NO;
ENABLE_STRICT_OBJC_MSGSEND = YES;
GCC_C_LANGUAGE_STANDARD = gnu17;
GCC_NO_COMMON_BLOCKS = YES;
GCC_WARN_64_TO_32_BIT_CONVERSION = YES;
GCC_WARN_ABOUT_RETURN_TYPE = YES_ERROR;
GCC_WARN_UNDECLARED_SELECTOR = YES;
GCC_WARN_UNINITIALIZED_AUTOS = YES_AGGRESSIVE;
GCC_WARN_UNUSED_FUNCTION = YES;
GCC_WARN_UNUSED_VARIABLE = YES;
MACOSX_DEPLOYMENT_TARGET = 12.0;
SDKROOT = macosx;
SWIFT_VERSION = 6.0;
DEBUG_INFORMATION_FORMAT = dwarf; ENABLE_TESTABILITY = YES; GCC_OPTIMIZATION_LEVEL = 0; SWIFT_ACTIVE_COMPILATION_CONDITIONS = DEBUG; SWIFT_OPTIMIZATION_LEVEL = "-Onone";
}; name = Debug;};
		4716E1B4F36A39044E1BE345 = {isa = XCBuildConfiguration; buildSettings = {
ALWAYS_SEARCH_USER_PATHS = NO;
CLANG_ANALYZER_NONNULL = YES;
CLANG_ANALYZER_NUMBER_OBJECT_CONVERSION = YES_AGGRESSIVE;
CLANG_CXX_LANGUAGE_STANDARD = "gnu++20";
CLANG_ENABLE_MODULES = YES;
CLANG_ENABLE_OBJC_ARC = YES;
CLANG_ENABLE_OBJC_WEAK = YES;
CLANG_WARN_BLOCK_CAPTURE_AUTORELEASING = YES;
CLANG_WARN_BOOL_CONVERSION = YES;
CLANG_WARN_COMMA = YES;
CLANG_WARN_CONSTANT_CONVERSION = YES;
CLANG_WARN_DEPRECATED_OBJC_IMPLEMENTATIONS = YES;
CLANG_WARN_DIRECT_OBJC_ISA_USAGE = YES_ERROR;
CLANG_WARN_DOCUMENTATION_COMMENTS = YES;
CLANG_WARN_EMPTY_BODY = YES;
CLANG_WARN_ENUM_CONVERSION = YES;
CLANG_WARN_INFINITE_RECURSION = YES;
CLANG_WARN_INT_CONVERSION = YES;
CLANG_WARN_NON_LITERAL_NULL_CONVERSION = YES;
CLANG_WARN_OBJC_IMPLICIT_RETAIN_SELF = YES;
CLANG_WARN_OBJC_LITERAL_CONVERSION = YES;
CLANG_WARN_OBJC_ROOT_CLASS = YES_ERROR;
CLANG_WARN_QUOTED_INCLUDE_IN_FRAMEWORK_HEADER = YES;
CLANG_WARN_RANGE_LOOP_ANALYSIS = YES;
CLANG_WARN_STRICT_PROTOTYPES = YES;
CLANG_WARN_SUSPICIOUS_MOVE = YES;
CLANG_WARN_UNGUARDED_AVAILABILITY = YES_AGGRESSIVE;
CLANG_WARN_UNREACHABLE_CODE = YES;
CLANG_WARN__DUPLICATE_METHOD_MATCH = YES;
COPY_PHASE_STRIP = NO;
ENABLE_STRICT_OBJC_MSGSEND = YES;
GCC_C_LANGUAGE_STANDARD = gnu17;
GCC_NO_COMMON_BLOCKS = YES;
GCC_WARN_64_TO_32_BIT_CONVERSION = YES;
GCC_WARN_ABOUT_RETURN_TYPE = YES_ERROR;
GCC_WARN_UNDECLARED_SELECTOR = YES;
GCC_WARN_UNINITIALIZED_AUTOS = YES_AGGRESSIVE;
GCC_WARN_UNUSED_FUNCTION = YES;
GCC_WARN_UNUSED_VARIABLE = YES;
MACOSX_DEPLOYMENT_TARGET = 12.0;
SDKROOT = macosx;
SWIFT_VERSION = 6.0;
DEBUG_INFORMATION_FORMAT = "dwarf-with-dsym"; ENABLE_NS_ASSERTIONS = NO; SWIFT_COMPILATION_MODE = wholemodule; SWIFT_OPTIMIZATION_LEVEL = "-O";
}; name = Release;};
		8E6C7197D64EE75CCF09CF32 = {isa = XCBuildConfiguration; buildSettings = {

ASSETCATALOG_COMPILER_APPICON_NAME = "";
CODE_SIGN_ENTITLEMENTS = FolderPeek/Host/FolderPeek.entitlements;
CODE_SIGN_IDENTITY = "-";
CODE_SIGN_STYLE = Manual;
COMBINE_HIDPI_IMAGES = YES;
DEVELOPMENT_TEAM = "";
ENABLE_HARDENED_RUNTIME = YES;
GENERATE_INFOPLIST_FILE = NO;
INFOPLIST_FILE = FolderPeek/Host/Info.plist;
LD_RUNPATH_SEARCH_PATHS = ("$(inherited)", "@executable_path/../Frameworks", "@loader_path/../Frameworks");
PRODUCT_BUNDLE_IDENTIFIER = com.folderpeek.app;
PRODUCT_NAME = "$(TARGET_NAME)";
PROVISIONING_PROFILE_SPECIFIER = "";
SWIFT_EMIT_LOC_STRINGS = YES;
}; name = Release;};
		94EFA167855A824D792428FE = {isa = XCBuildConfiguration; buildSettings = {

ASSETCATALOG_COMPILER_APPICON_NAME = "";
CODE_SIGN_ENTITLEMENTS = FolderPeek/QuickLookExtension/FolderPeekPreview.entitlements;
CODE_SIGN_IDENTITY = "-";
CODE_SIGN_STYLE = Manual;
COMBINE_HIDPI_IMAGES = YES;
DEVELOPMENT_TEAM = "";
ENABLE_HARDENED_RUNTIME = YES;
GENERATE_INFOPLIST_FILE = NO;
INFOPLIST_FILE = FolderPeek/QuickLookExtension/Info.plist;
LD_RUNPATH_SEARCH_PATHS = ("$(inherited)", "@executable_path/../Frameworks", "@loader_path/../Frameworks");
PRODUCT_BUNDLE_IDENTIFIER = com.folderpeek.app.preview;
PRODUCT_NAME = "$(TARGET_NAME)";
PROVISIONING_PROFILE_SPECIFIER = "";
SWIFT_EMIT_LOC_STRINGS = YES;
WRAPPER_EXTENSION = appex;
APPLICATION_EXTENSION_API_ONLY = YES;
}; name = Debug;};
		A89FDC8B65A07736EF3EA949 = {isa = XCBuildConfiguration; buildSettings = {

ASSETCATALOG_COMPILER_APPICON_NAME = "";
CODE_SIGN_ENTITLEMENTS = FolderPeek/Host/FolderPeek.entitlements;
CODE_SIGN_IDENTITY = "-";
CODE_SIGN_STYLE = Manual;
COMBINE_HIDPI_IMAGES = YES;
DEVELOPMENT_TEAM = "";
ENABLE_HARDENED_RUNTIME = YES;
GENERATE_INFOPLIST_FILE = NO;
INFOPLIST_FILE = FolderPeek/Host/Info.plist;
LD_RUNPATH_SEARCH_PATHS = ("$(inherited)", "@executable_path/../Frameworks", "@loader_path/../Frameworks");
PRODUCT_BUNDLE_IDENTIFIER = com.folderpeek.app;
PRODUCT_NAME = "$(TARGET_NAME)";
PROVISIONING_PROFILE_SPECIFIER = "";
SWIFT_EMIT_LOC_STRINGS = YES;
}; name = Debug;};
		4098280B01B3EBC6C4399C36 = {isa = XCConfigurationList; buildConfigurations = (44F8FE9E42EE10FA95BF5EC7, 4716E1B4F36A39044E1BE345, ); defaultConfigurationIsVisible = 0; defaultConfigurationName = Debug;};
		57F042411595027CBF638334 = {isa = XCConfigurationList; buildConfigurations = (94EFA167855A824D792428FE, 3BC2E851A72D48FA3EBD2BD9, ); defaultConfigurationIsVisible = 0; defaultConfigurationName = Debug;};
		7D09AEC885A0F48D45881F6B = {isa = XCConfigurationList; buildConfigurations = (A89FDC8B65A07736EF3EA949, 8E6C7197D64EE75CCF09CF32, ); defaultConfigurationIsVisible = 0; defaultConfigurationName = Debug;};
	};
	rootObject = 16EEAF57BAFC2A41CAB7C99A;
}
